
Microsoft Visual Studio Solution File, Format Version 12.00
# Visual Studio Version 16
VisualStudioVersion = 16.0.30406.217
MinimumVisualStudioVersion = 10.0.40219.1
Project("{FAE04EC0-301F-11D3-BF4B-00C04F79EFBC}") = "GenerateConversionLibrary", "GenerateConversionLibrary.csproj", "{59CA101C-776E-4029-A66C-750871A52FFF}"
EndProject
Project("{FAE04EC0-301F-11D3-BF4B-00C04F79EFBC}") = "UseAES", "..\UseAES\UseAES.csproj", "{D0EC2229-AB84-4256-9E09-A68203645F01}"
EndProject
Global
	GlobalSection(SolutionConfigurationPlatforms) = preSolution
		Debug|Any CPU = Debug|Any CPU
		Release|Any CPU = Release|Any CPU
	EndGlobalSection
	GlobalSection(ProjectConfigurationPlatforms) = postSolution
		{59CA101C-776E-4029-A66C-750871A52FFF}.Debug|Any CPU.ActiveCfg = Debug|Any CPU
		{59CA101C-776E-4029-A66C-750871A52FFF}.Debug|Any CPU.Build.0 = Debug|Any CPU
		{59CA101C-776E-4029-A66C-750871A52FFF}.Release|Any CPU.ActiveCfg = Release|Any CPU
		{59CA101C-776E-4029-A66C-750871A52FFF}.Release|Any CPU.Build.0 = Release|Any CPU
		{D0EC2229-AB84-4256-9E09-A68203645F01}.Debug|Any CPU.ActiveCfg = Debug|Any CPU
		{D0EC2229-AB84-4256-9E09-A68203645F01}.Debug|Any CPU.Build.0 = Debug|Any CPU
		{D0EC2229-AB84-4256-9E09-A68203645F01}.Release|Any CPU.ActiveCfg = Release|Any CPU
		{D0EC2229-AB84-4256-9E09-A68203645F01}.Release|Any CPU.Build.0 = Release|Any CPU
	EndGlobalSection
	GlobalSection(SolutionProperties) = preSolution
		HideSolutionNode = FALSE
	EndGlobalSection
	GlobalSection(ExtensibilityGlobals) = postSolution
		SolutionGuid = {2E262088-87E3-4D24-8F74-78CF13699940}
	EndGlobalSection
EndGlobal
