
Microsoft Visual Studio Solution File, Format Version 12.00
# Visual Studio Version 16
VisualStudioVersion = 16.0.30907.101
MinimumVisualStudioVersion = 10.0.40219.1
Project("{FAE04EC0-301F-11D3-BF4B-00C04F79EFBC}") = "MAESFRAMEWORK", "MAESFRAMEWORK\MAESFRAMEWORK.csproj", "{16DBC4CA-F048-4559-BD86-1DD215C6B011}"
EndProject
Project("{FAE04EC0-301F-11D3-BF4B-00C04F79EFBC}") = "MAESSERVICE", "MAESSERVICE\MAESSERVICE.csproj", "{CAF2D862-9644-46B3-BCCE-75790B092E68}"
EndProject
Global
	GlobalSection(SolutionConfigurationPlatforms) = preSolution
		Debug|Any CPU = Debug|Any CPU
		Release|Any CPU = Release|Any CPU
	EndGlobalSection
	GlobalSection(ProjectConfigurationPlatforms) = postSolution
		{16DBC4CA-F048-4559-BD86-1DD215C6B011}.Debug|Any CPU.ActiveCfg = Debug|Any CPU
		{16DBC4CA-F048-4559-BD86-1DD215C6B011}.Debug|Any CPU.Build.0 = Debug|Any CPU
		{16DBC4CA-F048-4559-BD86-1DD215C6B011}.Release|Any CPU.ActiveCfg = Release|Any CPU
		{16DBC4CA-F048-4559-BD86-1DD215C6B011}.Release|Any CPU.Build.0 = Release|Any CPU
		{CAF2D862-9644-46B3-BCCE-75790B092E68}.Debug|Any CPU.ActiveCfg = Debug|Any CPU
		{CAF2D862-9644-46B3-BCCE-75790B092E68}.Debug|Any CPU.Build.0 = Debug|Any CPU
		{CAF2D862-9644-46B3-BCCE-75790B092E68}.Release|Any CPU.ActiveCfg = Release|Any CPU
		{CAF2D862-9644-46B3-BCCE-75790B092E68}.Release|Any CPU.Build.0 = Release|Any CPU
	EndGlobalSection
	GlobalSection(SolutionProperties) = preSolution
		HideSolutionNode = FALSE
	EndGlobalSection
	GlobalSection(ExtensibilityGlobals) = postSolution
		SolutionGuid = {88BDD9EA-8A0E-4EBD-A5FF-04DB7169AB2E}
	EndGlobalSection
EndGlobal
